
Microsoft Visual Studio Solution File, Format Version 12.00
# Visual Studio Version 17
VisualStudioVersion = 17.0.31903.59
MinimumVisualStudioVersion = 10.0.40219.1
Project("{FAE04EC0-301F-11D3-BF4B-00C04F79EFBC}") = "LoginWebApi", "LoginWebApi\LoginWebApi.csproj", "{4792E79B-64A2-4C54-9CFE-8298CD9D439E}"
EndProject
Global
	GlobalSection(SolutionConfigurationPlatforms) = preSolution
		Debug|Any CPU = Debug|Any CPU
		Release|Any CPU = Release|Any CPU
	EndGlobalSection
	GlobalSection(ProjectConfigurationPlatforms) = postSolution
		{4792E79B-64A2-4C54-9CFE-8298CD9D439E}.Debug|Any CPU.ActiveCfg = Debug|Any CPU
		{4792E79B-64A2-4C54-9CFE-8298CD9D439E}.Debug|Any CPU.Build.0 = Debug|Any CPU
		{4792E79B-64A2-4C54-9CFE-8298CD9D439E}.Release|Any CPU.ActiveCfg = Release|Any CPU
		{4792E79B-64A2-4C54-9CFE-8298CD9D439E}.Release|Any CPU.Build.0 = Release|Any CPU
	EndGlobalSection
	GlobalSection(SolutionProperties) = preSolution
		HideSolutionNode = FALSE
	EndGlobalSection
	GlobalSection(ExtensibilityGlobals) = postSolution
		SolutionGuid = {FC618487-7E26-47DB-B354-63163523EFC2}
	EndGlobalSection
EndGlobal
